// !$*UTF8*$!
{
	archiveVersion = 1;
	classes = {
	};
	objectVersion = 56;
	objects = {

/* Begin PBXBuildFile section */
		1D1AA1A12B3C5E1F000A1A1A /* AiMessageApp.swift in Sources */ = {isa = PBXBuildFile; fileRef = 1D1AA1A02B3C5E1F000A1A1A /* AiMessageApp.swift */; };
		1D1AA1A32B3C5E1F000A1A1A /* ContentView.swift in Sources */ = {isa = PBXBuildFile; fileRef = 1D1AA1A22B3C5E1F000A1A1A /* ContentView.swift */; };
		1D1AA1A52B3C5E20000A1A1A /* Assets.xcassets in Resources */ = {isa = PBXBuildFile; fileRef = 1D1AA1A42B3C5E20000A1A1A /* Assets.xcassets */; };
		1D1AA1B12B3C5F1F000A1A1A /* Message.swift in Sources */ = {isa = PBXBuildFile; fileRef = 1D1AA1B02B3C5F1F000A1A1A /* Message.swift */; };
		1D1AA1B32B3C5F2F000A1A1A /* FileImporter.swift in Sources */ = {isa = PBXBuildFile; fileRef = 1D1AA1B22B3C5F2F000A1A1A /* FileImporter.swift */; };
		1D1AA1B62B3C6F1F000A1A1A /* export_all_messages.sh in Resources */ = {isa = PBXBuildFile; fileRef = 1D1AA1B72B3C6F1F000A1A1A /* export_all_messages.sh */; };
		1D1AA1B82B3C6F2F000A1A1A /* export_contact_messages.sh in Resources */ = {isa = PBXBuildFile; fileRef = 1D1AA1B92B3C6F2F000A1A1A /* export_contact_messages.sh */; };
		1D1AA1A82B3C5E20000A1A1A /* Preview Assets.xcassets in Resources */ = {isa = PBXBuildFile; fileRef = 1D1AA1A72B3C5E20000A1A1A /* Preview Assets.xcassets */; };
/* End PBXBuildFile section */

/* Begin PBXFileReference section */
		1D1AA19D2B3C5E1F000A1A1A /* AiMessage.app */ = {isa = PBXFileReference; explicitFileType = wrapper.application; includeInIndex = 0; path = AiMessage.app; sourceTree = BUILT_PRODUCTS_DIR; };
		1D1AA1A02B3C5E1F000A1A1A /* AiMessageApp.swift */ = {isa = PBXFileReference; lastKnownFileType = sourcecode.swift; path = AiMessageApp.swift; sourceTree = "<group>"; };
		1D1AA1A22B3C5E1F000A1A1A /* ContentView.swift */ = {isa = PBXFileReference; lastKnownFileType = sourcecode.swift; path = ContentView.swift; sourceTree = "<group>"; };
		1D1AA1A42B3C5E20000A1A1A /* Assets.xcassets */ = {isa = PBXFileReference; lastKnownFileType = folder.assetcatalog; path = Assets.xcassets; sourceTree = "<group>"; };
		1D1AA1A72B3C5E20000A1A1A /* Preview Assets.xcassets */ = {isa = PBXFileReference; lastKnownFileType = folder.assetcatalog; path = "Preview Assets.xcassets"; sourceTree = "<group>"; };
		1D1AA1A92B3C5E20000A1A1A /* AiMessage.entitlements */ = {isa = PBXFileReference; lastKnownFileType = text.plist.entitlements; path = AiMessage.entitlements; sourceTree = "<group>"; };
		1D1AA1B02B3C5F1F000A1A1A /* Message.swift */ = {isa = PBXFileReference; lastKnownFileType = sourcecode.swift; path = Message.swift; sourceTree = "<group>"; };
		1D1AA1B22B3C5F2F000A1A1A /* FileImporter.swift */ = {isa = PBXFileReference; lastKnownFileType = sourcecode.swift; path = FileImporter.swift; sourceTree = "<group>"; };
		1D1AA1B72B3C6F1F000A1A1A /* export_all_messages.sh */ = {isa = PBXFileReference; lastKnownFileType = text.script.sh; name = export_all_messages.sh; path = ../export_scripts/export_all_messages.sh; sourceTree = "<group>"; };
		1D1AA1B92B3C6F2F000A1A1A /* export_contact_messages.sh */ = {isa = PBXFileReference; lastKnownFileType = text.script.sh; name = export_contact_messages.sh; path = ../export_scripts/export_contact_messages.sh; sourceTree = "<group>"; };
/* End PBXFileReference section */

/* Begin PBXFrameworksBuildPhase section */
		1D1AA19A2B3C5E1F000A1A1A /* Frameworks */ = {
			isa = PBXFrameworksBuildPhase;
			buildActionMask = 2147483647;
			files = (
			);
			runOnlyForDeploymentPostprocessing = 0;
		};
/* End PBXFrameworksBuildPhase section */

/* Begin PBXGroup section */
		1D1AA1942B3C5E1F000A1A1A = {
			isa = PBXGroup;
			children = (
				1D1AA19F2B3C5E1F000A1A1A /* AiMessage */,
				1D1AA19E2B3C5E1F000A1A1A /* Products */,
			);
			sourceTree = "<group>";
		};
		1D1AA19E2B3C5E1F000A1A1A /* Products */ = {
			isa = PBXGroup;
			children = (
				1D1AA19D2B3C5E1F000A1A1A /* AiMessage.app */,
			);
			name = Products;
			sourceTree = "<group>";
		};
		1D1AA19F2B3C5E1F000A1A1A /* AiMessage */ = {
			isa = PBXGroup;
			children = (
				1D1AA1A02B3C5E1F000A1A1A /* AiMessageApp.swift */,
				1D1AA1A22B3C5E1F000A1A1A /* ContentView.swift */,
				1D1AA1B42B3C5F3F000A1A1A /* Models */,
				1D1AA1B52B3C5F4F000A1A1A /* Services */,
				1D1AA1BA2B3C6F3F000A1A1A /* Export Scripts */,
				1D1AA1A42B3C5E20000A1A1A /* Assets.xcassets */,
				1D1AA1A92B3C5E20000A1A1A /* AiMessage.entitlements */,
				1D1AA1A62B3C5E20000A1A1A /* Preview Content */,
			);
			path = AiMessage;
			sourceTree = "<group>";
		};
		1D1AA1B42B3C5F3F000A1A1A /* Models */ = {
			isa = PBXGroup;
			children = (
				1D1AA1B02B3C5F1F000A1A1A /* Message.swift */,
			);
			path = Models;
			sourceTree = "<group>";
		};
		1D1AA1B52B3C5F4F000A1A1A /* Services */ = {
			isa = PBXGroup;
			children = (
				1D1AA1B22B3C5F2F000A1A1A /* FileImporter.swift */,
			);
			path = Services;
			sourceTree = "<group>";
		};
		1D1AA1BA2B3C6F3F000A1A1A /* Export Scripts */ = {
			isa = PBXGroup;
			children = (
				1D1AA1B72B3C6F1F000A1A1A /* export_all_messages.sh */,
				1D1AA1B92B3C6F2F000A1A1A /* export_contact_messages.sh */,
			);
			name = "Export Scripts";
			sourceTree = "<group>";
		};
		1D1AA1A62B3C5E20000A1A1A /* Preview Content */ = {
			isa = PBXGroup;
			children = (
				1D1AA1A72B3C5E20000A1A1A /* Preview Assets.xcassets */,
			);
			path = "Preview Content";
			sourceTree = "<group>";
		};
/* End PBXGroup section */

/* Begin PBXNativeTarget section */
		1D1AA19C2B3C5E1F000A1A1A /* AiMessage */ = {
			isa = PBXNativeTarget;
			buildConfigurationList = 1D1AA1AC2B3C5E20000A1A1A /* Build configuration list for PBXNativeTarget "AiMessage" */;
			buildPhases = (
				1D1AA1992B3C5E1F000A1A1A /* Sources */,
				1D1AA19A2B3C5E1F000A1A1A /* Frameworks */,
				1D1AA19B2B3C5E1F000A1A1A /* Resources */,
			);
			buildRules = (
			);
			dependencies = (
			);
			name = AiMessage;
			productName = AiMessage;
			productReference = 1D1AA19D2B3C5E1F000A1A1A /* AiMessage.app */;
			productType = "com.apple.product-type.application";
		};
/* End PBXNativeTarget section */

/* Begin PBXProject section */
		1D1AA1952B3C5E1F000A1A1A /* Project object */ = {
			isa = PBXProject;
			attributes = {
				BuildIndependentTargetsInParallel = 1;
				LastSwiftUpdateCheck = 1540;
				LastUpgradeCheck = 1540;
				TargetAttributes = {
					1D1AA19C2B3C5E1F000A1A1A = {
						CreatedOnToolsVersion = 15.4;
					};
				};
			};
			buildConfigurationList = 1D1AA1982B3C5E1F000A1A1A /* Build configuration list for PBXProject "AiMessage" */;
			compatibilityVersion = "Xcode 14.0";
			developmentRegion = en;
			hasScannedForEncodings = 0;
			knownRegions = (
				en,
				Base,
			);
			mainGroup = 1D1AA1942B3C5E1F000A1A1A;
			productRefGroup = 1D1AA19E2B3C5E1F000A1A1A /* Products */;
			projectDirPath = "";
			projectRoot = "";
			targets = (
				1D1AA19C2B3C5E1F000A1A1A /* AiMessage */,
			);
		};
/* End PBXProject section */

/* Begin PBXResourcesBuildPhase section */
		1D1AA19B2B3C5E1F000A1A1A /* Resources */ = {
			isa = PBXResourcesBuildPhase;
			buildActionMask = 2147483647;
			files = (
				1D1AA1A82B3C5E20000A1A1A /* Preview Assets.xcassets in Resources */,
				1D1AA1A52B3C5E20000A1A1A /* Assets.xcassets in Resources */,
				1D1AA1B62B3C6F1F000A1A1A /* export_all_messages.sh in Resources */,
				1D1AA1B82B3C6F2F000A1A1A /* export_contact_messages.sh in Resources */,
			);
			runOnlyForDeploymentPostprocessing = 0;
		};
/* End PBXResourcesBuildPhase section */

/* Begin PBXSourcesBuildPhase section */
		1D1AA1992B3C5E1F000A1A1A /* Sources */ = {
			isa = PBXSourcesBuildPhase;
			buildActionMask = 2147483647;
			files = (
				1D1AA1A32B3C5E1F000A1A1A /* ContentView.swift in Sources */,
				1D1AA1A12B3C5E1F000A1A1A /* AiMessageApp.swift in Sources */,
				1D1AA1B12B3C5F1F000A1A1A /* Message.swift in Sources */,
				1D1AA1B32B3C5F2F000A1A1A /* FileImporter.swift in Sources */,
			);
			runOnlyForDeploymentPostprocessing = 0;
		};
/* End PBXSourcesBuildPhase section */

/* Begin XCBuildConfiguration section */
		1D1AA1AA2B3C5E20000A1A1A /* Debug */ = {
			isa = XCBuildConfiguration;
			buildSettings = {
				ALWAYS_SEARCH_USER_PATHS = NO;
				ASSETCATALOG_COMPILER_GENERATE_SWIFT_ASSET_SYMBOL_EXTENSIONS = YES;
				CLANG_ANALYZER_NONNULL = YES;
				CLANG_ANALYZER_NUMBER_OBJECT_CONVERSION = YES_AGGRESSIVE;
				CLANG_CXX_LANGUAGE_STANDARD = "gnu++20";
				CLANG_ENABLE_MODULES = YES;
				CLANG_ENABLE_OBJC_ARC = YES;
				CLANG_ENABLE_OBJC_WEAK = YES;
				CLANG_WARN_BLOCK_CAPTURE_AUTORELEASING = YES;
				CLANG_WARN_BOOL_CONVERSION = YES;
				CLANG_WARN_COMMA = YES;
				CLANG_WARN_CONSTANT_CONVERSION = YES;
				CLANG_WARN_DEPRECATED_OBJC_IMPLEMENTATIONS = YES;
				CLANG_WARN_DIRECT_OBJC_ISA_USAGE = YES_ERROR;
				CLANG_WARN_DOCUMENTATION_COMMENTS = YES;
				CLANG_WARN_EMPTY_BODY = YES;
				CLANG_WARN_ENUM_CONVERSION = YES;
				CLANG_WARN_INFINITE_RECURSION = YES;
				CLANG_WARN_INT_CONVERSION = YES;
				CLANG_WARN_NON_LITERAL_NULL_CONVERSION = YES;
				CLANG_WARN_OBJC_IMPLICIT_RETAIN_SELF = YES;
				CLANG_WARN_OBJC_LITERAL_CONVERSION = YES;
				CLANG_WARN_OBJC_ROOT_CLASS = YES_ERROR;
				CLANG_WARN_QUOTED_INCLUDE_IN_FRAMEWORK_HEADER = YES;
				CLANG_WARN_RANGE_LOOP_ANALYSIS = YES;
				CLANG_WARN_STRICT_PROTOTYPES = YES;
				CLANG_WARN_SUSPICIOUS_MOVE = YES;
				CLANG_WARN_UNGUARDED_AVAILABILITY = YES_AGGRESSIVE;
				CLANG_WARN_UNREACHABLE_CODE = YES;
				CLANG_WARN__DUPLICATE_METHOD_MATCH = YES;
				COPY_PHASE_STRIP = NO;
				DEBUG_INFORMATION_FORMAT = dwarf;
				ENABLE_STRICT_OBJC_MSGSEND = YES;
				ENABLE_TESTABILITY = YES;
				ENABLE_USER_SCRIPT_SANDBOXING = YES;
				GCC_C_LANGUAGE_STANDARD = gnu17;
				GCC_DYNAMIC_NO_PIC = NO;
				GCC_NO_COMMON_BLOCKS = YES;
				GCC_OPTIMIZATION_LEVEL = 0;
				GCC_PREPROCESSOR_DEFINITIONS = (
					"DEBUG=1",
					"$(inherited)",
				);
				GCC_WARN_64_TO_32_BIT_CONVERSION = YES;
				GCC_WARN_ABOUT_RETURN_TYPE = YES_ERROR;
				GCC_WARN_UNDECLARED_SELECTOR = YES;
				GCC_WARN_UNINITIALIZED_AUTOS = YES_AGGRESSIVE;
				GCC_WARN_UNUSED_FUNCTION = YES;
				GCC_WARN_UNUSED_VARIABLE = YES;
				LOCALIZATION_PREFERS_STRING_CATALOGS = YES;
				MACOSX_DEPLOYMENT_TARGET = 14.0;
				MTL_ENABLE_DEBUG_INFO = INCLUDE_SOURCE;
				MTL_FAST_MATH = YES;
				ONLY_ACTIVE_ARCH = YES;
				SDKROOT = macosx;
				SWIFT_ACTIVE_COMPILATION_CONDITIONS = "DEBUG $(inherited)";
				SWIFT_OPTIMIZATION_LEVEL = "-Onone";
			};
			name = Debug;
		};
		1D1AA1AB2B3C5E20000A1A1A /* Release */ = {
			isa = XCBuildConfiguration;
			buildSettings = {
				ALWAYS_SEARCH_USER_PATHS = NO;
				ASSETCATALOG_COMPILER_GENERATE_SWIFT_ASSET_SYMBOL_EXTENSIONS = YES;
				CLANG_ANALYZER_NONNULL = YES;
				CLANG_ANALYZER_NUMBER_OBJECT_CONVERSION = YES_AGGRESSIVE;
				CLANG_CXX_LANGUAGE_STANDARD = "gnu++20";
				CLANG_ENABLE_MODULES = YES;
				CLANG_ENABLE_OBJC_ARC = YES;
				CLANG_ENABLE_OBJC_WEAK = YES;
				CLANG_WARN_BLOCK_CAPTURE_AUTORELEASING = YES;
				CLANG_WARN_BOOL_CONVERSION = YES;
				CLANG_WARN_COMMA = YES;
				CLANG_WARN_CONSTANT_CONVERSION = YES;
				CLANG_WARN_DEPRECATED_OBJC_IMPLEMENTATIONS = YES;
				CLANG_WARN_DIRECT_OBJC_ISA_USAGE = YES_ERROR;
				CLANG_WARN_DOCUMENTATION_COMMENTS = YES;
				CLANG_WARN_EMPTY_BODY = YES;
				CLANG_WARN_ENUM_CONVERSION = YES;
				CLANG_WARN_INFINITE_RECURSION = YES;
				CLANG_WARN_INT_CONVERSION = YES;
				CLANG_WARN_NON_LITERAL_NULL_CONVERSION = YES;
				CLANG_WARN_OBJC_IMPLICIT_RETAIN_SELF = YES;
				CLANG_WARN_OBJC_LITERAL_CONVERSION = YES;
				CLANG_WARN_OBJC_ROOT_CLASS = YES_ERROR;
				CLANG_WARN_QUOTED_INCLUDE_IN_FRAMEWORK_HEADER = YES;
				CLANG_WARN_RANGE_LOOP_ANALYSIS = YES;
				CLANG_WARN_STRICT_PROTOTYPES = YES;
				CLANG_WARN_SUSPICIOUS_MOVE = YES;
				CLANG_WARN_UNGUARDED_AVAILABILITY = YES_AGGRESSIVE;
				CLANG_WARN_UNREACHABLE_CODE = YES;
				CLANG_WARN__DUPLICATE_METHOD_MATCH = YES;
				COPY_PHASE_STRIP = NO;
				DEBUG_INFORMATION_FORMAT = "dwarf-with-dsym";
				ENABLE_NS_ASSERTIONS = NO;
				ENABLE_STRICT_OBJC_MSGSEND = YES;
				ENABLE_USER_SCRIPT_SANDBOXING = YES;
				GCC_C_LANGUAGE_STANDARD = gnu17;
				GCC_NO_COMMON_BLOCKS = YES;
				GCC_WARN_64_TO_32_BIT_CONVERSION = YES;
				GCC_WARN_ABOUT_RETURN_TYPE = YES_ERROR;
				GCC_WARN_UNDECLARED_SELECTOR = YES;
				GCC_WARN_UNINITIALIZED_AUTOS = YES_AGGRESSIVE;
				GCC_WARN_UNUSED_FUNCTION = YES;
				GCC_WARN_UNUSED_VARIABLE = YES;
				LOCALIZATION_PREFERS_STRING_CATALOGS = YES;
				MACOSX_DEPLOYMENT_TARGET = 14.0;
				MTL_ENABLE_DEBUG_INFO = NO;
				MTL_FAST_MATH = YES;
				SDKROOT = macosx;
				SWIFT_COMPILATION_MODE = wholemodule;
			};
			name = Release;
		};
		1D1AA1AD2B3C5E20000A1A1A /* Debug */ = {
			isa = XCBuildConfiguration;
			buildSettings = {
				ASSETCATALOG_COMPILER_APPICON_NAME = AppIcon;
				ASSETCATALOG_COMPILER_GLOBAL_ACCENT_COLOR_NAME = AccentColor;
				CODE_SIGN_ENTITLEMENTS = AiMessage/AiMessage.entitlements;
				CODE_SIGN_STYLE = Automatic;
				COMBINE_HIDPI_IMAGES = YES;
				CURRENT_PROJECT_VERSION = 1;
				DEVELOPMENT_ASSET_PATHS = "\"AiMessage/Preview Content\"";
				ENABLE_PREVIEWS = YES;
				GENERATE_INFOPLIST_FILE = YES;
				INFOPLIST_KEY_NSHumanReadableCopyright = "";
				LD_RUNPATH_SEARCH_PATHS = (
					"$(inherited)",
					"@executable_path/../Frameworks",
				);
				MARKETING_VERSION = 1.0;
				PRODUCT_BUNDLE_IDENTIFIER = com.example.AiMessage;
				PRODUCT_NAME = "$(TARGET_NAME)";
				SWIFT_EMIT_LOC_STRINGS = YES;
				SWIFT_VERSION = 5.0;
			};
			name = Debug;
		};
		1D1AA1AE2B3C5E20000A1A1A /* Release */ = {
			isa = XCBuildConfiguration;
			buildSettings = {
				ASSETCATALOG_COMPILER_APPICON_NAME = AppIcon;
				ASSETCATALOG_COMPILER_GLOBAL_ACCENT_COLOR_NAME = AccentColor;
				CODE_SIGN_ENTITLEMENTS = AiMessage/AiMessage.entitlements;
				CODE_SIGN_STYLE = Automatic;
				COMBINE_HIDPI_IMAGES = YES;
				CURRENT_PROJECT_VERSION = 1;
				DEVELOPMENT_ASSET_PATHS = "\"AiMessage/Preview Content\"";
				ENABLE_PREVIEWS = YES;
				GENERATE_INFOPLIST_FILE = YES;
				INFOPLIST_KEY_NSHumanReadableCopyright = "";
				LD_RUNPATH_SEARCH_PATHS = (
					"$(inherited)",
					"@executable_path/../Frameworks",
				);
				MARKETING_VERSION = 1.0;
				PRODUCT_BUNDLE_IDENTIFIER = com.example.AiMessage;
				PRODUCT_NAME = "$(TARGET_NAME)";
				SWIFT_EMIT_LOC_STRINGS = YES;
				SWIFT_VERSION = 5.0;
			};
			name = Release;
		};
/* End XCBuildConfiguration section */

/* Begin XCConfigurationList section */
		1D1AA1982B3C5E1F000A1A1A /* Build configuration list for PBXProject "AiMessage" */ = {
			isa = XCConfigurationList;
			buildConfigurations = (
				1D1AA1AA2B3C5E20000A1A1A /* Debug */,
				1D1AA1AB2B3C5E20000A1A1A /* Release */,
			);
			defaultConfigurationIsVisible = 0;
			defaultConfigurationName = Release;
		};
		1D1AA1AC2B3C5E20000A1A1A /* Build configuration list for PBXNativeTarget "AiMessage" */ = {
			isa = XCConfigurationList;
			buildConfigurations = (
				1D1AA1AD2B3C5E20000A1A1A /* Debug */,
				1D1AA1AE2B3C5E20000A1A1A /* Release */,
			);
			defaultConfigurationIsVisible = 0;
			defaultConfigurationName = Release;
		};
/* End XCConfigurationList section */
	};
	rootObject = 1D1AA1952B3C5E1F000A1A1A /* Project object */;
}